
Microsoft Visual Studio Solution File, Format Version 12.00
# Visual Studio 15
VisualStudioVersion = 15.0.27703.2000
MinimumVisualStudioVersion = 10.0.40219.1
Project("{FAE04EC0-301F-11D3-BF4B-00C04F79EFBC}") = "ConsolaML", "ConsolaML\ConsolaML.csproj", "{29AC0D87-B126-4CBA-B989-250500ACB1EF}"
EndProject
Global
	GlobalSection(SolutionConfigurationPlatforms) = preSolution
		Debug|Any CPU = Debug|Any CPU
		Release|Any CPU = Release|Any CPU
	EndGlobalSection
	GlobalSection(ProjectConfigurationPlatforms) = postSolution
		{29AC0D87-B126-4CBA-B989-250500ACB1EF}.Debug|Any CPU.ActiveCfg = Debug|Any CPU
		{29AC0D87-B126-4CBA-B989-250500ACB1EF}.Debug|Any CPU.Build.0 = Debug|Any CPU
		{29AC0D87-B126-4CBA-B989-250500ACB1EF}.Release|Any CPU.ActiveCfg = Release|Any CPU
		{29AC0D87-B126-4CBA-B989-250500ACB1EF}.Release|Any CPU.Build.0 = Release|Any CPU
	EndGlobalSection
	GlobalSection(SolutionProperties) = preSolution
		HideSolutionNode = FALSE
	EndGlobalSection
	GlobalSection(ExtensibilityGlobals) = postSolution
		SolutionGuid = {52C8A89F-809A-4FBA-91DB-60EF9830C44E}
	EndGlobalSection
EndGlobal
